
Microsoft Visual Studio Solution File, Format Version 12.00
Project("{FAE04EC0-301F-11D3-BF4B-00C04F79EFBC}") = "SolidPrinciples.SRP.Violate", "SolidPrinciples.SRP.Violate\SolidPrinciples.SRP.Violate.csproj", "{DE7FAD3F-B49E-4C8A-9C30-7B2636DAA4C2}"
EndProject
Project("{FAE04EC0-301F-11D3-BF4B-00C04F79EFBC}") = "SolidPrinciples.SRP.Correct", "SolidPrinciples.SRP.Correct\SolidPrinciples.SRP.Correct.csproj", "{25AB0B89-F33E-48F1-991C-B4205A5210CD}"
EndProject
Project("{2150E333-8FDC-42A3-9474-1A3956D46DE8}") = "SRP", "SRP", "{FF5CA6BA-BFC3-4FA7-8CCF-2B9D2D3E9D4B}"
EndProject
Project("{2150E333-8FDC-42A3-9474-1A3956D46DE8}") = "OCP", "OCP", "{AE6F2899-04BD-4F16-BB07-3EE64B1A7433}"
EndProject
Project("{FAE04EC0-301F-11D3-BF4B-00C04F79EFBC}") = "SolidPrinciples.OCP.Violate", "SolidPrinciples.OCP.Violate\SolidPrinciples.OCP.Violate.csproj", "{6E0A4E0F-6FEE-4C3A-B08D-CABD4F3993C2}"
EndProject
Project("{FAE04EC0-301F-11D3-BF4B-00C04F79EFBC}") = "SolidPrinciples.OCP.Correct", "SolidPrinciples.OCP.Correct\SolidPrinciples.OCP.Correct.csproj", "{E2F1B353-5281-4772-BDE4-F73F0888CCED}"
EndProject
Project("{2150E333-8FDC-42A3-9474-1A3956D46DE8}") = "LSP", "LSP", "{DE63B58D-708A-498F-A7A1-BC7D75F743AF}"
EndProject
Project("{FAE04EC0-301F-11D3-BF4B-00C04F79EFBC}") = "SolidPrinciples.LSP.Correct", "SolidPrinciples.LSP.Correct\SolidPrinciples.LSP.Correct.csproj", "{4769FE70-1027-46D1-8164-D805845B807E}"
EndProject
Project("{FAE04EC0-301F-11D3-BF4B-00C04F79EFBC}") = "SolidPrinciples.LSP.Violate", "SolidPrinciples.LSP.Violate\SolidPrinciples.LSP.Violate.csproj", "{4E05525C-B8DF-4D05-A89C-5774A9BDD635}"
EndProject
Project("{2150E333-8FDC-42A3-9474-1A3956D46DE8}") = "ISP", "ISP", "{4F01370E-DFAD-41F1-B06E-65A6D4CA24ED}"
EndProject
Project("{FAE04EC0-301F-11D3-BF4B-00C04F79EFBC}") = "SolidPrinciples.ISP.Correct", "SolidPrinciples.ISP.Correct\SolidPrinciples.ISP.Correct.csproj", "{EF9C51D2-A50E-444F-99E4-BCDFF158A931}"
EndProject
Project("{FAE04EC0-301F-11D3-BF4B-00C04F79EFBC}") = "SolidPrinciples.ISP.Violate", "SolidPrinciples.ISP.Violate\SolidPrinciples.ISP.Violate.csproj", "{B4ED652A-3374-4365-A9CA-9E908347FBBE}"
EndProject
Project("{2150E333-8FDC-42A3-9474-1A3956D46DE8}") = "DIP", "DIP", "{21544667-1ADA-4C4E-B930-77240648206E}"
EndProject
Project("{FAE04EC0-301F-11D3-BF4B-00C04F79EFBC}") = "SolidPrinciples.DIP.Correct", "SolidPrinciples.DIP.Correct\SolidPrinciples.DIP.Correct.csproj", "{104138BB-1C71-4FD9-8995-A4B392D0A54D}"
EndProject
Project("{FAE04EC0-301F-11D3-BF4B-00C04F79EFBC}") = "SolidPrinciples.DIP.Violate", "SolidPrinciples.DIP.Violate\SolidPrinciples.DIP.Violate.csproj", "{702AF2D6-D8FF-4569-A8D8-3D608A4161CE}"
EndProject
Global
	GlobalSection(SolutionConfigurationPlatforms) = preSolution
		Debug|Any CPU = Debug|Any CPU
		Release|Any CPU = Release|Any CPU
	EndGlobalSection
	GlobalSection(ProjectConfigurationPlatforms) = postSolution
		{DE7FAD3F-B49E-4C8A-9C30-7B2636DAA4C2}.Debug|Any CPU.ActiveCfg = Debug|Any CPU
		{DE7FAD3F-B49E-4C8A-9C30-7B2636DAA4C2}.Debug|Any CPU.Build.0 = Debug|Any CPU
		{DE7FAD3F-B49E-4C8A-9C30-7B2636DAA4C2}.Release|Any CPU.ActiveCfg = Release|Any CPU
		{DE7FAD3F-B49E-4C8A-9C30-7B2636DAA4C2}.Release|Any CPU.Build.0 = Release|Any CPU
		{25AB0B89-F33E-48F1-991C-B4205A5210CD}.Debug|Any CPU.ActiveCfg = Debug|Any CPU
		{25AB0B89-F33E-48F1-991C-B4205A5210CD}.Debug|Any CPU.Build.0 = Debug|Any CPU
		{25AB0B89-F33E-48F1-991C-B4205A5210CD}.Release|Any CPU.ActiveCfg = Release|Any CPU
		{25AB0B89-F33E-48F1-991C-B4205A5210CD}.Release|Any CPU.Build.0 = Release|Any CPU
		{6E0A4E0F-6FEE-4C3A-B08D-CABD4F3993C2}.Debug|Any CPU.ActiveCfg = Debug|Any CPU
		{6E0A4E0F-6FEE-4C3A-B08D-CABD4F3993C2}.Debug|Any CPU.Build.0 = Debug|Any CPU
		{6E0A4E0F-6FEE-4C3A-B08D-CABD4F3993C2}.Release|Any CPU.ActiveCfg = Release|Any CPU
		{6E0A4E0F-6FEE-4C3A-B08D-CABD4F3993C2}.Release|Any CPU.Build.0 = Release|Any CPU
		{E2F1B353-5281-4772-BDE4-F73F0888CCED}.Debug|Any CPU.ActiveCfg = Debug|Any CPU
		{E2F1B353-5281-4772-BDE4-F73F0888CCED}.Debug|Any CPU.Build.0 = Debug|Any CPU
		{E2F1B353-5281-4772-BDE4-F73F0888CCED}.Release|Any CPU.ActiveCfg = Release|Any CPU
		{E2F1B353-5281-4772-BDE4-F73F0888CCED}.Release|Any CPU.Build.0 = Release|Any CPU
		{4769FE70-1027-46D1-8164-D805845B807E}.Debug|Any CPU.ActiveCfg = Debug|Any CPU
		{4769FE70-1027-46D1-8164-D805845B807E}.Debug|Any CPU.Build.0 = Debug|Any CPU
		{4769FE70-1027-46D1-8164-D805845B807E}.Release|Any CPU.ActiveCfg = Release|Any CPU
		{4769FE70-1027-46D1-8164-D805845B807E}.Release|Any CPU.Build.0 = Release|Any CPU
		{4E05525C-B8DF-4D05-A89C-5774A9BDD635}.Debug|Any CPU.ActiveCfg = Debug|Any CPU
		{4E05525C-B8DF-4D05-A89C-5774A9BDD635}.Debug|Any CPU.Build.0 = Debug|Any CPU
		{4E05525C-B8DF-4D05-A89C-5774A9BDD635}.Release|Any CPU.ActiveCfg = Release|Any CPU
		{4E05525C-B8DF-4D05-A89C-5774A9BDD635}.Release|Any CPU.Build.0 = Release|Any CPU
		{EF9C51D2-A50E-444F-99E4-BCDFF158A931}.Debug|Any CPU.ActiveCfg = Debug|Any CPU
		{EF9C51D2-A50E-444F-99E4-BCDFF158A931}.Debug|Any CPU.Build.0 = Debug|Any CPU
		{EF9C51D2-A50E-444F-99E4-BCDFF158A931}.Release|Any CPU.ActiveCfg = Release|Any CPU
		{EF9C51D2-A50E-444F-99E4-BCDFF158A931}.Release|Any CPU.Build.0 = Release|Any CPU
		{B4ED652A-3374-4365-A9CA-9E908347FBBE}.Debug|Any CPU.ActiveCfg = Debug|Any CPU
		{B4ED652A-3374-4365-A9CA-9E908347FBBE}.Debug|Any CPU.Build.0 = Debug|Any CPU
		{B4ED652A-3374-4365-A9CA-9E908347FBBE}.Release|Any CPU.ActiveCfg = Release|Any CPU
		{B4ED652A-3374-4365-A9CA-9E908347FBBE}.Release|Any CPU.Build.0 = Release|Any CPU
		{104138BB-1C71-4FD9-8995-A4B392D0A54D}.Debug|Any CPU.ActiveCfg = Debug|Any CPU
		{104138BB-1C71-4FD9-8995-A4B392D0A54D}.Debug|Any CPU.Build.0 = Debug|Any CPU
		{104138BB-1C71-4FD9-8995-A4B392D0A54D}.Release|Any CPU.ActiveCfg = Release|Any CPU
		{104138BB-1C71-4FD9-8995-A4B392D0A54D}.Release|Any CPU.Build.0 = Release|Any CPU
		{702AF2D6-D8FF-4569-A8D8-3D608A4161CE}.Debug|Any CPU.ActiveCfg = Debug|Any CPU
		{702AF2D6-D8FF-4569-A8D8-3D608A4161CE}.Debug|Any CPU.Build.0 = Debug|Any CPU
		{702AF2D6-D8FF-4569-A8D8-3D608A4161CE}.Release|Any CPU.ActiveCfg = Release|Any CPU
		{702AF2D6-D8FF-4569-A8D8-3D608A4161CE}.Release|Any CPU.Build.0 = Release|Any CPU
	EndGlobalSection
	GlobalSection(NestedProjects) = preSolution
		{25AB0B89-F33E-48F1-991C-B4205A5210CD} = {FF5CA6BA-BFC3-4FA7-8CCF-2B9D2D3E9D4B}
		{DE7FAD3F-B49E-4C8A-9C30-7B2636DAA4C2} = {FF5CA6BA-BFC3-4FA7-8CCF-2B9D2D3E9D4B}
		{6E0A4E0F-6FEE-4C3A-B08D-CABD4F3993C2} = {AE6F2899-04BD-4F16-BB07-3EE64B1A7433}
		{E2F1B353-5281-4772-BDE4-F73F0888CCED} = {AE6F2899-04BD-4F16-BB07-3EE64B1A7433}
		{4769FE70-1027-46D1-8164-D805845B807E} = {DE63B58D-708A-498F-A7A1-BC7D75F743AF}
		{4E05525C-B8DF-4D05-A89C-5774A9BDD635} = {DE63B58D-708A-498F-A7A1-BC7D75F743AF}
		{EF9C51D2-A50E-444F-99E4-BCDFF158A931} = {4F01370E-DFAD-41F1-B06E-65A6D4CA24ED}
		{B4ED652A-3374-4365-A9CA-9E908347FBBE} = {4F01370E-DFAD-41F1-B06E-65A6D4CA24ED}
		{104138BB-1C71-4FD9-8995-A4B392D0A54D} = {21544667-1ADA-4C4E-B930-77240648206E}
		{702AF2D6-D8FF-4569-A8D8-3D608A4161CE} = {21544667-1ADA-4C4E-B930-77240648206E}
	EndGlobalSection
EndGlobal
